
Microsoft Visual Studio Solution File, Format Version 12.00
# Visual Studio Version 17
VisualStudioVersion = 17.5.002.0
MinimumVisualStudioVersion = 10.0.40219.1
Project("{9A19103F-16F7-4668-BE54-9A1E7A4F7556}") = "EsepWebhook", "EsepWebhook.csproj", "{BE061D64-4BA7-47D1-A862-40744101C429}"
EndProject
Global
	GlobalSection(SolutionConfigurationPlatforms) = preSolution
		Debug|Any CPU = Debug|Any CPU
		Release|Any CPU = Release|Any CPU
	EndGlobalSection
	GlobalSection(ProjectConfigurationPlatforms) = postSolution
		{BE061D64-4BA7-47D1-A862-40744101C429}.Debug|Any CPU.ActiveCfg = Debug|Any CPU
		{BE061D64-4BA7-47D1-A862-40744101C429}.Debug|Any CPU.Build.0 = Debug|Any CPU
		{BE061D64-4BA7-47D1-A862-40744101C429}.Release|Any CPU.ActiveCfg = Release|Any CPU
		{BE061D64-4BA7-47D1-A862-40744101C429}.Release|Any CPU.Build.0 = Release|Any CPU
	EndGlobalSection
	GlobalSection(SolutionProperties) = preSolution
		HideSolutionNode = FALSE
	EndGlobalSection
	GlobalSection(ExtensibilityGlobals) = postSolution
		SolutionGuid = {4F9C4996-9891-4E1D-9D16-9E6DB1A64544}
	EndGlobalSection
EndGlobal
